
Microsoft Visual Studio Solution File, Format Version 12.00
# Visual Studio Version 17
VisualStudioVersion = 17.4.33213.308
MinimumVisualStudioVersion = 10.0.40219.1
Project("{FAE04EC0-301F-11D3-BF4B-00C04F79EFBC}") = "PM2E2GRUPO5.Android", "PM2E2GRUPO5.Android\PM2E2GRUPO5.Android.csproj", "{CE301512-00DA-47E0-A0C1-D2E3978C7CB7}"
EndProject
Project("{FAE04EC0-301F-11D3-BF4B-00C04F79EFBC}") = "PM2E2GRUPO5", "PM2E2GRUPO5\PM2E2GRUPO5.csproj", "{6F876DB4-4211-4CBF-AE39-A323DD4A6A8D}"
EndProject
Global
	GlobalSection(SolutionConfigurationPlatforms) = preSolution
		Debug|Any CPU = Debug|Any CPU
		Release|Any CPU = Release|Any CPU
	EndGlobalSection
	GlobalSection(ProjectConfigurationPlatforms) = postSolution
		{CE301512-00DA-47E0-A0C1-D2E3978C7CB7}.Debug|Any CPU.ActiveCfg = Debug|Any CPU
		{CE301512-00DA-47E0-A0C1-D2E3978C7CB7}.Debug|Any CPU.Build.0 = Debug|Any CPU
		{CE301512-00DA-47E0-A0C1-D2E3978C7CB7}.Debug|Any CPU.Deploy.0 = Debug|Any CPU
		{CE301512-00DA-47E0-A0C1-D2E3978C7CB7}.Release|Any CPU.ActiveCfg = Release|Any CPU
		{CE301512-00DA-47E0-A0C1-D2E3978C7CB7}.Release|Any CPU.Build.0 = Release|Any CPU
		{CE301512-00DA-47E0-A0C1-D2E3978C7CB7}.Release|Any CPU.Deploy.0 = Release|Any CPU
		{6F876DB4-4211-4CBF-AE39-A323DD4A6A8D}.Debug|Any CPU.ActiveCfg = Debug|Any CPU
		{6F876DB4-4211-4CBF-AE39-A323DD4A6A8D}.Debug|Any CPU.Build.0 = Debug|Any CPU
		{6F876DB4-4211-4CBF-AE39-A323DD4A6A8D}.Debug|Any CPU.Deploy.0 = Debug|Any CPU
		{6F876DB4-4211-4CBF-AE39-A323DD4A6A8D}.Release|Any CPU.ActiveCfg = Release|Any CPU
		{6F876DB4-4211-4CBF-AE39-A323DD4A6A8D}.Release|Any CPU.Build.0 = Release|Any CPU
		{6F876DB4-4211-4CBF-AE39-A323DD4A6A8D}.Release|Any CPU.Deploy.0 = Release|Any CPU
	EndGlobalSection
	GlobalSection(SolutionProperties) = preSolution
		HideSolutionNode = FALSE
	EndGlobalSection
	GlobalSection(ExtensibilityGlobals) = postSolution
		SolutionGuid = {F7B082C6-4376-4684-B9D7-3E38F6B9B60C}
	EndGlobalSection
EndGlobal
